# Code generated by scarb DO NOT EDIT.
version = 1

[[package]]
name = "she"
version = "0.4.0"
source = "registry+https://scarbs.xyz/"
checksum = "sha256:1b81d4b6df2965050c5b563eb39227037910d20fe670dc01b5c87f6ca02fd7f7"

[[package]]
name = "sncast_std"
version = "0.50.0"
source = "registry+https://scarbs.xyz/"
checksum = "sha256:29f99c8dd264454503f5c15da242e73a4a270022175d30e8e30be69a10606bb8"

[[package]]
name = "tongo"
version = "0.1.0"
dependencies = [
 "she",
]

[[package]]
name = "utils"
version = "0.1.0"
dependencies = [
 "sncast_std",
 "tongo",
]
